
Microsoft Visual Studio Solution File, Format Version 12.00
# Visual Studio Version 17
VisualStudioVersion = 17.9.34728.123
MinimumVisualStudioVersion = 10.0.40219.1
Project("{9A19103F-16F7-4668-BE54-9A1E7A4F7556}") = "DataAccesLayer", "DataAccesLayer\DataAccesLayer.csproj", "{EC6AB4CF-92CE-415B-84AB-3DE70F3EA14F}"
EndProject
Project("{9A19103F-16F7-4668-BE54-9A1E7A4F7556}") = "PresentationLayer", "PresentationLayer\PresentationLayer.csproj", "{C8F65D86-AA08-46C0-8433-0F3DF18A2BA9}"
EndProject
Project("{2150E333-8FDC-42A3-9474-1A3956D46DE8}") = "Solution Items", "Solution Items", "{368BF760-7220-4060-946E-9A072112E3AD}"
	ProjectSection(SolutionItems) = preProject
		.gitignore = .gitignore
	EndProjectSection
EndProject
Project("{FAE04EC0-301F-11D3-BF4B-00C04F79EFBC}") = "BusinessLogicLayer", "BusinessLogicLayer\BusinessLogicLayer.csproj", "{78E21A51-CE19-4ED7-B5CC-5849E22980F2}"
EndProject
Project("{FAE04EC0-301F-11D3-BF4B-00C04F79EFBC}") = "OldVacaYAYApi", "OldVacaYAYApi\OldVacaYAYApi.csproj", "{EBDB7EB9-1190-424F-8D7A-C72023FFBD53}"
EndProject
Global
	GlobalSection(SolutionConfigurationPlatforms) = preSolution
		Debug|Any CPU = Debug|Any CPU
		Release|Any CPU = Release|Any CPU
	EndGlobalSection
	GlobalSection(ProjectConfigurationPlatforms) = postSolution
		{EC6AB4CF-92CE-415B-84AB-3DE70F3EA14F}.Debug|Any CPU.ActiveCfg = Debug|Any CPU
		{EC6AB4CF-92CE-415B-84AB-3DE70F3EA14F}.Debug|Any CPU.Build.0 = Debug|Any CPU
		{EC6AB4CF-92CE-415B-84AB-3DE70F3EA14F}.Release|Any CPU.ActiveCfg = Release|Any CPU
		{EC6AB4CF-92CE-415B-84AB-3DE70F3EA14F}.Release|Any CPU.Build.0 = Release|Any CPU
		{C8F65D86-AA08-46C0-8433-0F3DF18A2BA9}.Debug|Any CPU.ActiveCfg = Debug|Any CPU
		{C8F65D86-AA08-46C0-8433-0F3DF18A2BA9}.Debug|Any CPU.Build.0 = Debug|Any CPU
		{C8F65D86-AA08-46C0-8433-0F3DF18A2BA9}.Release|Any CPU.ActiveCfg = Release|Any CPU
		{C8F65D86-AA08-46C0-8433-0F3DF18A2BA9}.Release|Any CPU.Build.0 = Release|Any CPU
		{78E21A51-CE19-4ED7-B5CC-5849E22980F2}.Debug|Any CPU.ActiveCfg = Debug|Any CPU
		{78E21A51-CE19-4ED7-B5CC-5849E22980F2}.Debug|Any CPU.Build.0 = Debug|Any CPU
		{78E21A51-CE19-4ED7-B5CC-5849E22980F2}.Release|Any CPU.ActiveCfg = Release|Any CPU
		{78E21A51-CE19-4ED7-B5CC-5849E22980F2}.Release|Any CPU.Build.0 = Release|Any CPU
		{EBDB7EB9-1190-424F-8D7A-C72023FFBD53}.Debug|Any CPU.ActiveCfg = Debug|Any CPU
		{EBDB7EB9-1190-424F-8D7A-C72023FFBD53}.Debug|Any CPU.Build.0 = Debug|Any CPU
		{EBDB7EB9-1190-424F-8D7A-C72023FFBD53}.Release|Any CPU.ActiveCfg = Release|Any CPU
		{EBDB7EB9-1190-424F-8D7A-C72023FFBD53}.Release|Any CPU.Build.0 = Release|Any CPU
	EndGlobalSection
	GlobalSection(SolutionProperties) = preSolution
		HideSolutionNode = FALSE
	EndGlobalSection
	GlobalSection(ExtensibilityGlobals) = postSolution
		SolutionGuid = {F4EF8B3A-4747-4548-BB06-F6AD4629F293}
	EndGlobalSection
EndGlobal
